// !$*UTF8*$!
{
	archiveVersion = 1;
	classes = {
	};
	objectVersion = 56;
	objects = {

/* Begin PBXBuildFile section */
		272FB56BC865B4F62827DE79 /* Pods_swiftpro_swiftproUITests.framework in Frameworks */ = {isa = PBXBuildFile; fileRef = 7BB2E2EA9E773AA825257BDD /* Pods_swiftpro_swiftproUITests.framework */; };
		C50AD1DD80334CFF37F27013 /* Pods_swiftproTests.framework in Frameworks */ = {isa = PBXBuildFile; fileRef = 548616E12984EC045F56E53F /* Pods_swiftproTests.framework */; };
		C708FEAA2966A23800520EC4 /* RegX.swift in Sources */ = {isa = PBXBuildFile; fileRef = C708FEA92966A23800520EC4 /* RegX.swift */; };
		C71717662963FC5300C60F4E /* LoginViewController.swift in Sources */ = {isa = PBXBuildFile; fileRef = C71717652963FC5300C60F4E /* LoginViewController.swift */; };
		C71717682963FD0000C60F4E /* ColorConstants.swift in Sources */ = {isa = PBXBuildFile; fileRef = C71717672963FD0000C60F4E /* ColorConstants.swift */; };
		C7323539295B0D9800075DC0 /* Tree.swift in Sources */ = {isa = PBXBuildFile; fileRef = C7323538295B0D9800075DC0 /* Tree.swift */; };
		C732353B295B165200075DC0 /* BinaryTree.swift in Sources */ = {isa = PBXBuildFile; fileRef = C732353A295B165200075DC0 /* BinaryTree.swift */; };
		C732353D295B221A00075DC0 /* GoogleService-Info.plist in Resources */ = {isa = PBXBuildFile; fileRef = C732353C295B221A00075DC0 /* GoogleService-Info.plist */; };
		C73DF79F2938BBE90098F018 /* AppDelegate.swift in Sources */ = {isa = PBXBuildFile; fileRef = C73DF79E2938BBE90098F018 /* AppDelegate.swift */; };
		C73DF7A12938BBE90098F018 /* SceneDelegate.swift in Sources */ = {isa = PBXBuildFile; fileRef = C73DF7A02938BBE90098F018 /* SceneDelegate.swift */; };
		C73DF7A92938BBE90098F018 /* swiftpro.xcdatamodeld in Sources */ = {isa = PBXBuildFile; fileRef = C73DF7A72938BBE90098F018 /* swiftpro.xcdatamodeld */; };
		C73DF7AB2938BBEA0098F018 /* Assets.xcassets in Resources */ = {isa = PBXBuildFile; fileRef = C73DF7AA2938BBEA0098F018 /* Assets.xcassets */; };
		C73DF7AE2938BBEA0098F018 /* LaunchScreen.storyboard in Resources */ = {isa = PBXBuildFile; fileRef = C73DF7AC2938BBEA0098F018 /* LaunchScreen.storyboard */; };
		C73DF7B92938BBEB0098F018 /* swiftproTests.swift in Sources */ = {isa = PBXBuildFile; fileRef = C73DF7B82938BBEB0098F018 /* swiftproTests.swift */; };
		C73DF7C32938BBEB0098F018 /* swiftproUITests.swift in Sources */ = {isa = PBXBuildFile; fileRef = C73DF7C22938BBEB0098F018 /* swiftproUITests.swift */; };
		C73DF7C52938BBEB0098F018 /* swiftproUITestsLaunchTests.swift in Sources */ = {isa = PBXBuildFile; fileRef = C73DF7C42938BBEB0098F018 /* swiftproUITestsLaunchTests.swift */; };
		C755B664296DAE06006D3E45 /* SignInViewController.swift in Sources */ = {isa = PBXBuildFile; fileRef = C755B663296DAE06006D3E45 /* SignInViewController.swift */; };
		C763EE1C295AC3BD00ED2115 /* Stack.swift in Sources */ = {isa = PBXBuildFile; fileRef = C763EE1B295AC3BD00ED2115 /* Stack.swift */; };
		C763EE1E295AC4E000ED2115 /* Queue.swift in Sources */ = {isa = PBXBuildFile; fileRef = C763EE1D295AC4E000ED2115 /* Queue.swift */; };
		C7B30E32295ADC58004C0937 /* LinkedList.swift in Sources */ = {isa = PBXBuildFile; fileRef = C7B30E31295ADC58004C0937 /* LinkedList.swift */; };
		C7B5080329681C46009ACA72 /* DashboardViewController.swift in Sources */ = {isa = PBXBuildFile; fileRef = C7B5080229681C46009ACA72 /* DashboardViewController.swift */; };
		C7B5080529682586009ACA72 /* SystemIconConstants.swift in Sources */ = {isa = PBXBuildFile; fileRef = C7B5080429682586009ACA72 /* SystemIconConstants.swift */; };
		C7BF123D295C818A00BA75E9 /* StringConstants.swift in Sources */ = {isa = PBXBuildFile; fileRef = C7BF123C295C818A00BA75E9 /* StringConstants.swift */; };
		C7D332B5296847A6006BE75C /* ASPasswordTF.swift in Sources */ = {isa = PBXBuildFile; fileRef = C7D332B4296847A6006BE75C /* ASPasswordTF.swift */; };
		C7EEF402295D9DA200CB9DD8 /* Extensions.swift in Sources */ = {isa = PBXBuildFile; fileRef = C7EEF401295D9DA200CB9DD8 /* Extensions.swift */; };
		DBEEBBB2AAC37C8107635339 /* Pods_swiftpro.framework in Frameworks */ = {isa = PBXBuildFile; fileRef = 7094EA45B3348BFB94B97383 /* Pods_swiftpro.framework */; };
/* End PBXBuildFile section */

/* Begin PBXContainerItemProxy section */
		C73DF7B52938BBEA0098F018 /* PBXContainerItemProxy */ = {
			isa = PBXContainerItemProxy;
			containerPortal = C73DF7932938BBE90098F018 /* Project object */;
			proxyType = 1;
			remoteGlobalIDString = C73DF79A2938BBE90098F018;
			remoteInfo = swiftpro;
		};
		C73DF7BF2938BBEB0098F018 /* PBXContainerItemProxy */ = {
			isa = PBXContainerItemProxy;
			containerPortal = C73DF7932938BBE90098F018 /* Project object */;
			proxyType = 1;
			remoteGlobalIDString = C73DF79A2938BBE90098F018;
			remoteInfo = swiftpro;
		};
/* End PBXContainerItemProxy section */

/* Begin PBXFileReference section */
		04DF6AC64866F5A5C476AEAC /* Pods-swiftpro-swiftproUITests.debug.xcconfig */ = {isa = PBXFileReference; includeInIndex = 1; lastKnownFileType = text.xcconfig; name = "Pods-swiftpro-swiftproUITests.debug.xcconfig"; path = "Target Support Files/Pods-swiftpro-swiftproUITests/Pods-swiftpro-swiftproUITests.debug.xcconfig"; sourceTree = "<group>"; };
		548616E12984EC045F56E53F /* Pods_swiftproTests.framework */ = {isa = PBXFileReference; explicitFileType = wrapper.framework; includeInIndex = 0; path = Pods_swiftproTests.framework; sourceTree = BUILT_PRODUCTS_DIR; };
		56AA02CDCBC5A0384CDFB1A7 /* Pods-swiftproTests.release.xcconfig */ = {isa = PBXFileReference; includeInIndex = 1; lastKnownFileType = text.xcconfig; name = "Pods-swiftproTests.release.xcconfig"; path = "Target Support Files/Pods-swiftproTests/Pods-swiftproTests.release.xcconfig"; sourceTree = "<group>"; };
		59D98393BCD0DEE8F0E7ED1D /* Pods-swiftproTests.debug.xcconfig */ = {isa = PBXFileReference; includeInIndex = 1; lastKnownFileType = text.xcconfig; name = "Pods-swiftproTests.debug.xcconfig"; path = "Target Support Files/Pods-swiftproTests/Pods-swiftproTests.debug.xcconfig"; sourceTree = "<group>"; };
		7094EA45B3348BFB94B97383 /* Pods_swiftpro.framework */ = {isa = PBXFileReference; explicitFileType = wrapper.framework; includeInIndex = 0; path = Pods_swiftpro.framework; sourceTree = BUILT_PRODUCTS_DIR; };
		7BB2E2EA9E773AA825257BDD /* Pods_swiftpro_swiftproUITests.framework */ = {isa = PBXFileReference; explicitFileType = wrapper.framework; includeInIndex = 0; path = Pods_swiftpro_swiftproUITests.framework; sourceTree = BUILT_PRODUCTS_DIR; };
		B5564176E9AFD2BC975B7D48 /* Pods-swiftpro-swiftproUITests.release.xcconfig */ = {isa = PBXFileReference; includeInIndex = 1; lastKnownFileType = text.xcconfig; name = "Pods-swiftpro-swiftproUITests.release.xcconfig"; path = "Target Support Files/Pods-swiftpro-swiftproUITests/Pods-swiftpro-swiftproUITests.release.xcconfig"; sourceTree = "<group>"; };
		C708FEA92966A23800520EC4 /* RegX.swift */ = {isa = PBXFileReference; lastKnownFileType = sourcecode.swift; path = RegX.swift; sourceTree = "<group>"; };
		C71717652963FC5300C60F4E /* LoginViewController.swift */ = {isa = PBXFileReference; lastKnownFileType = sourcecode.swift; path = LoginViewController.swift; sourceTree = "<group>"; };
		C71717672963FD0000C60F4E /* ColorConstants.swift */ = {isa = PBXFileReference; lastKnownFileType = sourcecode.swift; path = ColorConstants.swift; sourceTree = "<group>"; };
		C7323538295B0D9800075DC0 /* Tree.swift */ = {isa = PBXFileReference; lastKnownFileType = sourcecode.swift; path = Tree.swift; sourceTree = "<group>"; };
		C732353A295B165200075DC0 /* BinaryTree.swift */ = {isa = PBXFileReference; lastKnownFileType = sourcecode.swift; path = BinaryTree.swift; sourceTree = "<group>"; };
		C732353C295B221A00075DC0 /* GoogleService-Info.plist */ = {isa = PBXFileReference; fileEncoding = 4; lastKnownFileType = text.plist.xml; path = "GoogleService-Info.plist"; sourceTree = "<group>"; };
		C73DF79B2938BBE90098F018 /* swiftpro.app */ = {isa = PBXFileReference; explicitFileType = wrapper.application; includeInIndex = 0; path = swiftpro.app; sourceTree = BUILT_PRODUCTS_DIR; };
		C73DF79E2938BBE90098F018 /* AppDelegate.swift */ = {isa = PBXFileReference; lastKnownFileType = sourcecode.swift; path = AppDelegate.swift; sourceTree = "<group>"; };
		C73DF7A02938BBE90098F018 /* SceneDelegate.swift */ = {isa = PBXFileReference; lastKnownFileType = sourcecode.swift; path = SceneDelegate.swift; sourceTree = "<group>"; };
		C73DF7A82938BBE90098F018 /* swiftpro.xcdatamodel */ = {isa = PBXFileReference; lastKnownFileType = wrapper.xcdatamodel; path = swiftpro.xcdatamodel; sourceTree = "<group>"; };
		C73DF7AA2938BBEA0098F018 /* Assets.xcassets */ = {isa = PBXFileReference; lastKnownFileType = folder.assetcatalog; path = Assets.xcassets; sourceTree = "<group>"; };
		C73DF7AD2938BBEA0098F018 /* Base */ = {isa = PBXFileReference; lastKnownFileType = file.storyboard; name = Base; path = Base.lproj/LaunchScreen.storyboard; sourceTree = "<group>"; };
		C73DF7AF2938BBEA0098F018 /* Info.plist */ = {isa = PBXFileReference; lastKnownFileType = text.plist.xml; path = Info.plist; sourceTree = "<group>"; };
		C73DF7B42938BBEA0098F018 /* swiftproTests.xctest */ = {isa = PBXFileReference; explicitFileType = wrapper.cfbundle; includeInIndex = 0; path = swiftproTests.xctest; sourceTree = BUILT_PRODUCTS_DIR; };
		C73DF7B82938BBEB0098F018 /* swiftproTests.swift */ = {isa = PBXFileReference; lastKnownFileType = sourcecode.swift; path = swiftproTests.swift; sourceTree = "<group>"; };
		C73DF7BE2938BBEB0098F018 /* swiftproUITests.xctest */ = {isa = PBXFileReference; explicitFileType = wrapper.cfbundle; includeInIndex = 0; path = swiftproUITests.xctest; sourceTree = BUILT_PRODUCTS_DIR; };
		C73DF7C22938BBEB0098F018 /* swiftproUITests.swift */ = {isa = PBXFileReference; lastKnownFileType = sourcecode.swift; path = swiftproUITests.swift; sourceTree = "<group>"; };
		C73DF7C42938BBEB0098F018 /* swiftproUITestsLaunchTests.swift */ = {isa = PBXFileReference; lastKnownFileType = sourcecode.swift; path = swiftproUITestsLaunchTests.swift; sourceTree = "<group>"; };
		C755B663296DAE06006D3E45 /* SignInViewController.swift */ = {isa = PBXFileReference; lastKnownFileType = sourcecode.swift; path = SignInViewController.swift; sourceTree = "<group>"; };
		C763EE1B295AC3BD00ED2115 /* Stack.swift */ = {isa = PBXFileReference; lastKnownFileType = sourcecode.swift; path = Stack.swift; sourceTree = "<group>"; };
		C763EE1D295AC4E000ED2115 /* Queue.swift */ = {isa = PBXFileReference; lastKnownFileType = sourcecode.swift; path = Queue.swift; sourceTree = "<group>"; };
		C7B30E31295ADC58004C0937 /* LinkedList.swift */ = {isa = PBXFileReference; lastKnownFileType = sourcecode.swift; path = LinkedList.swift; sourceTree = "<group>"; };
		C7B5080229681C46009ACA72 /* DashboardViewController.swift */ = {isa = PBXFileReference; lastKnownFileType = sourcecode.swift; path = DashboardViewController.swift; sourceTree = "<group>"; };
		C7B5080429682586009ACA72 /* SystemIconConstants.swift */ = {isa = PBXFileReference; lastKnownFileType = sourcecode.swift; path = SystemIconConstants.swift; sourceTree = "<group>"; };
		C7BF123C295C818A00BA75E9 /* StringConstants.swift */ = {isa = PBXFileReference; lastKnownFileType = sourcecode.swift; path = StringConstants.swift; sourceTree = "<group>"; };
		C7D332B4296847A6006BE75C /* ASPasswordTF.swift */ = {isa = PBXFileReference; lastKnownFileType = sourcecode.swift; path = ASPasswordTF.swift; sourceTree = "<group>"; };
		C7EEF401295D9DA200CB9DD8 /* Extensions.swift */ = {isa = PBXFileReference; lastKnownFileType = sourcecode.swift; path = Extensions.swift; sourceTree = "<group>"; };
		DCA3D982ABFFA4CAC6309F80 /* Pods-swiftpro.release.xcconfig */ = {isa = PBXFileReference; includeInIndex = 1; lastKnownFileType = text.xcconfig; name = "Pods-swiftpro.release.xcconfig"; path = "Target Support Files/Pods-swiftpro/Pods-swiftpro.release.xcconfig"; sourceTree = "<group>"; };
		F9D899DF52DF970BC0E8E86B /* Pods-swiftpro.debug.xcconfig */ = {isa = PBXFileReference; includeInIndex = 1; lastKnownFileType = text.xcconfig; name = "Pods-swiftpro.debug.xcconfig"; path = "Target Support Files/Pods-swiftpro/Pods-swiftpro.debug.xcconfig"; sourceTree = "<group>"; };
/* End PBXFileReference section */

/* Begin PBXFrameworksBuildPhase section */
		C73DF7982938BBE90098F018 /* Frameworks */ = {
			isa = PBXFrameworksBuildPhase;
			buildActionMask = 2147483647;
			files = (
				DBEEBBB2AAC37C8107635339 /* Pods_swiftpro.framework in Frameworks */,
			);
			runOnlyForDeploymentPostprocessing = 0;
		};
		C73DF7B12938BBEA0098F018 /* Frameworks */ = {
			isa = PBXFrameworksBuildPhase;
			buildActionMask = 2147483647;
			files = (
				C50AD1DD80334CFF37F27013 /* Pods_swiftproTests.framework in Frameworks */,
			);
			runOnlyForDeploymentPostprocessing = 0;
		};
		C73DF7BB2938BBEB0098F018 /* Frameworks */ = {
			isa = PBXFrameworksBuildPhase;
			buildActionMask = 2147483647;
			files = (
				272FB56BC865B4F62827DE79 /* Pods_swiftpro_swiftproUITests.framework in Frameworks */,
			);
			runOnlyForDeploymentPostprocessing = 0;
		};
/* End PBXFrameworksBuildPhase section */

/* Begin PBXGroup section */
		2022948175469528958B3587 /* Frameworks */ = {
			isa = PBXGroup;
			children = (
				7094EA45B3348BFB94B97383 /* Pods_swiftpro.framework */,
				7BB2E2EA9E773AA825257BDD /* Pods_swiftpro_swiftproUITests.framework */,
				548616E12984EC045F56E53F /* Pods_swiftproTests.framework */,
			);
			name = Frameworks;
			sourceTree = "<group>";
		};
		B317A64D9CCBC21747D98E5F /* Pods */ = {
			isa = PBXGroup;
			children = (
				F9D899DF52DF970BC0E8E86B /* Pods-swiftpro.debug.xcconfig */,
				DCA3D982ABFFA4CAC6309F80 /* Pods-swiftpro.release.xcconfig */,
				04DF6AC64866F5A5C476AEAC /* Pods-swiftpro-swiftproUITests.debug.xcconfig */,
				B5564176E9AFD2BC975B7D48 /* Pods-swiftpro-swiftproUITests.release.xcconfig */,
				59D98393BCD0DEE8F0E7ED1D /* Pods-swiftproTests.debug.xcconfig */,
				56AA02CDCBC5A0384CDFB1A7 /* Pods-swiftproTests.release.xcconfig */,
			);
			path = Pods;
			sourceTree = "<group>";
		};
		C708FEA82966A20C00520EC4 /* Utils */ = {
			isa = PBXGroup;
			children = (
				C708FEA92966A23800520EC4 /* RegX.swift */,
			);
			path = Utils;
			sourceTree = "<group>";
		};
		C71717622963F4E000C60F4E /* Common */ = {
			isa = PBXGroup;
			children = (
				C7D332B4296847A6006BE75C /* ASPasswordTF.swift */,
			);
			path = Common;
			sourceTree = "<group>";
		};
		C73DF7922938BBE90098F018 = {
			isa = PBXGroup;
			children = (
				C73DF79D2938BBE90098F018 /* swiftpro */,
				C73DF7B72938BBEB0098F018 /* swiftproTests */,
				C73DF7C12938BBEB0098F018 /* swiftproUITests */,
				C73DF79C2938BBE90098F018 /* Products */,
				B317A64D9CCBC21747D98E5F /* Pods */,
				2022948175469528958B3587 /* Frameworks */,
			);
			sourceTree = "<group>";
		};
		C73DF79C2938BBE90098F018 /* Products */ = {
			isa = PBXGroup;
			children = (
				C73DF79B2938BBE90098F018 /* swiftpro.app */,
				C73DF7B42938BBEA0098F018 /* swiftproTests.xctest */,
				C73DF7BE2938BBEB0098F018 /* swiftproUITests.xctest */,
			);
			name = Products;
			sourceTree = "<group>";
		};
		C73DF79D2938BBE90098F018 /* swiftpro */ = {
			isa = PBXGroup;
			children = (
				C708FEA82966A20C00520EC4 /* Utils */,
				C71717622963F4E000C60F4E /* Common */,
				C7EEF400295D9D9000CB9DD8 /* Extensions */,
				C7BF123B295C817F00BA75E9 /* Constants */,
				C732353C295B221A00075DC0 /* GoogleService-Info.plist */,
				C7E44D58295B076700863107 /* Modules */,
				C763EE1A295AC39C00ED2115 /* DataStructures */,
				C763EE19295AC38400ED2115 /* Root */,
				C73DF7AA2938BBEA0098F018 /* Assets.xcassets */,
				C73DF7AC2938BBEA0098F018 /* LaunchScreen.storyboard */,
				C73DF7AF2938BBEA0098F018 /* Info.plist */,
				C73DF7A72938BBE90098F018 /* swiftpro.xcdatamodeld */,
			);
			path = swiftpro;
			sourceTree = "<group>";
		};
		C73DF7B72938BBEB0098F018 /* swiftproTests */ = {
			isa = PBXGroup;
			children = (
				C73DF7B82938BBEB0098F018 /* swiftproTests.swift */,
			);
			path = swiftproTests;
			sourceTree = "<group>";
		};
		C73DF7C12938BBEB0098F018 /* swiftproUITests */ = {
			isa = PBXGroup;
			children = (
				C73DF7C22938BBEB0098F018 /* swiftproUITests.swift */,
				C73DF7C42938BBEB0098F018 /* swiftproUITestsLaunchTests.swift */,
			);
			path = swiftproUITests;
			sourceTree = "<group>";
		};
		C755B662296DADF7006D3E45 /* SignIn */ = {
			isa = PBXGroup;
			children = (
				C755B663296DAE06006D3E45 /* SignInViewController.swift */,
			);
			path = SignIn;
			sourceTree = "<group>";
		};
		C763EE19295AC38400ED2115 /* Root */ = {
			isa = PBXGroup;
			children = (
				C73DF79E2938BBE90098F018 /* AppDelegate.swift */,
				C73DF7A02938BBE90098F018 /* SceneDelegate.swift */,
			);
			path = Root;
			sourceTree = "<group>";
		};
		C763EE1A295AC39C00ED2115 /* DataStructures */ = {
			isa = PBXGroup;
			children = (
				C763EE1B295AC3BD00ED2115 /* Stack.swift */,
				C763EE1D295AC4E000ED2115 /* Queue.swift */,
				C7B30E31295ADC58004C0937 /* LinkedList.swift */,
				C7323538295B0D9800075DC0 /* Tree.swift */,
				C732353A295B165200075DC0 /* BinaryTree.swift */,
			);
			path = DataStructures;
			sourceTree = "<group>";
		};
		C7B5080129681C37009ACA72 /* Dashboard */ = {
			isa = PBXGroup;
			children = (
				C7B5080229681C46009ACA72 /* DashboardViewController.swift */,
			);
			path = Dashboard;
			sourceTree = "<group>";
		};
		C7BF123B295C817F00BA75E9 /* Constants */ = {
			isa = PBXGroup;
			children = (
				C7BF123C295C818A00BA75E9 /* StringConstants.swift */,
				C71717672963FD0000C60F4E /* ColorConstants.swift */,
				C7B5080429682586009ACA72 /* SystemIconConstants.swift */,
			);
			path = Constants;
			sourceTree = "<group>";
		};
		C7E44D58295B076700863107 /* Modules */ = {
			isa = PBXGroup;
			children = (
				C755B662296DADF7006D3E45 /* SignIn */,
				C7B5080129681C37009ACA72 /* Dashboard */,
				C7EEF3FD295D976700CB9DD8 /* Login */,
			);
			path = Modules;
			sourceTree = "<group>";
		};
		C7EEF3FD295D976700CB9DD8 /* Login */ = {
			isa = PBXGroup;
			children = (
				C71717652963FC5300C60F4E /* LoginViewController.swift */,
			);
			path = Login;
			sourceTree = "<group>";
		};
		C7EEF400295D9D9000CB9DD8 /* Extensions */ = {
			isa = PBXGroup;
			children = (
				C7EEF401295D9DA200CB9DD8 /* Extensions.swift */,
			);
			path = Extensions;
			sourceTree = "<group>";
		};
/* End PBXGroup section */

/* Begin PBXNativeTarget section */
		C73DF79A2938BBE90098F018 /* swiftpro */ = {
			isa = PBXNativeTarget;
			buildConfigurationList = C73DF7C82938BBEB0098F018 /* Build configuration list for PBXNativeTarget "swiftpro" */;
			buildPhases = (
				4F4441A68B52DE91DE8DE14F /* [CP] Check Pods Manifest.lock */,
				C73DF7972938BBE90098F018 /* Sources */,
				C73DF7982938BBE90098F018 /* Frameworks */,
				C73DF7992938BBE90098F018 /* Resources */,
			);
			buildRules = (
			);
			dependencies = (
			);
			name = swiftpro;
			packageProductDependencies = (
			);
			productName = swiftpro;
			productReference = C73DF79B2938BBE90098F018 /* swiftpro.app */;
			productType = "com.apple.product-type.application";
		};
		C73DF7B32938BBEA0098F018 /* swiftproTests */ = {
			isa = PBXNativeTarget;
			buildConfigurationList = C73DF7CB2938BBEB0098F018 /* Build configuration list for PBXNativeTarget "swiftproTests" */;
			buildPhases = (
				A3CCBCA3AD14978212C01730 /* [CP] Check Pods Manifest.lock */,
				C73DF7B02938BBEA0098F018 /* Sources */,
				C73DF7B12938BBEA0098F018 /* Frameworks */,
				C73DF7B22938BBEA0098F018 /* Resources */,
			);
			buildRules = (
			);
			dependencies = (
				C73DF7B62938BBEA0098F018 /* PBXTargetDependency */,
			);
			name = swiftproTests;
			productName = swiftproTests;
			productReference = C73DF7B42938BBEA0098F018 /* swiftproTests.xctest */;
			productType = "com.apple.product-type.bundle.unit-test";
		};
		C73DF7BD2938BBEB0098F018 /* swiftproUITests */ = {
			isa = PBXNativeTarget;
			buildConfigurationList = C73DF7CE2938BBEB0098F018 /* Build configuration list for PBXNativeTarget "swiftproUITests" */;
			buildPhases = (
				A89609DAE1DBA68F9899BC02 /* [CP] Check Pods Manifest.lock */,
				C73DF7BA2938BBEB0098F018 /* Sources */,
				C73DF7BB2938BBEB0098F018 /* Frameworks */,
				C73DF7BC2938BBEB0098F018 /* Resources */,
			);
			buildRules = (
			);
			dependencies = (
				C73DF7C02938BBEB0098F018 /* PBXTargetDependency */,
			);
			name = swiftproUITests;
			productName = swiftproUITests;
			productReference = C73DF7BE2938BBEB0098F018 /* swiftproUITests.xctest */;
			productType = "com.apple.product-type.bundle.ui-testing";
		};
/* End PBXNativeTarget section */

/* Begin PBXProject section */
		C73DF7932938BBE90098F018 /* Project object */ = {
			isa = PBXProject;
			attributes = {
				BuildIndependentTargetsInParallel = 1;
				LastSwiftUpdateCheck = 1400;
				LastUpgradeCheck = 1400;
				TargetAttributes = {
					C73DF79A2938BBE90098F018 = {
						CreatedOnToolsVersion = 14.0.1;
					};
					C73DF7B32938BBEA0098F018 = {
						CreatedOnToolsVersion = 14.0.1;
						TestTargetID = C73DF79A2938BBE90098F018;
					};
					C73DF7BD2938BBEB0098F018 = {
						CreatedOnToolsVersion = 14.0.1;
						TestTargetID = C73DF79A2938BBE90098F018;
					};
				};
			};
			buildConfigurationList = C73DF7962938BBE90098F018 /* Build configuration list for PBXProject "swiftpro" */;
			compatibilityVersion = "Xcode 14.0";
			developmentRegion = en;
			hasScannedForEncodings = 0;
			knownRegions = (
				en,
				Base,
			);
			mainGroup = C73DF7922938BBE90098F018;
			packageReferences = (
			);
			productRefGroup = C73DF79C2938BBE90098F018 /* Products */;
			projectDirPath = "";
			projectRoot = "";
			targets = (
				C73DF79A2938BBE90098F018 /* swiftpro */,
				C73DF7B32938BBEA0098F018 /* swiftproTests */,
				C73DF7BD2938BBEB0098F018 /* swiftproUITests */,
			);
		};
/* End PBXProject section */

/* Begin PBXResourcesBuildPhase section */
		C73DF7992938BBE90098F018 /* Resources */ = {
			isa = PBXResourcesBuildPhase;
			buildActionMask = 2147483647;
			files = (
				C73DF7AE2938BBEA0098F018 /* LaunchScreen.storyboard in Resources */,
				C73DF7AB2938BBEA0098F018 /* Assets.xcassets in Resources */,
				C732353D295B221A00075DC0 /* GoogleService-Info.plist in Resources */,
			);
			runOnlyForDeploymentPostprocessing = 0;
		};
		C73DF7B22938BBEA0098F018 /* Resources */ = {
			isa = PBXResourcesBuildPhase;
			buildActionMask = 2147483647;
			files = (
			);
			runOnlyForDeploymentPostprocessing = 0;
		};
		C73DF7BC2938BBEB0098F018 /* Resources */ = {
			isa = PBXResourcesBuildPhase;
			buildActionMask = 2147483647;
			files = (
			);
			runOnlyForDeploymentPostprocessing = 0;
		};
/* End PBXResourcesBuildPhase section */

/* Begin PBXShellScriptBuildPhase section */
		4F4441A68B52DE91DE8DE14F /* [CP] Check Pods Manifest.lock */ = {
			isa = PBXShellScriptBuildPhase;
			buildActionMask = 2147483647;
			files = (
			);
			inputFileListPaths = (
			);
			inputPaths = (
				"${PODS_PODFILE_DIR_PATH}/Podfile.lock",
				"${PODS_ROOT}/Manifest.lock",
			);
			name = "[CP] Check Pods Manifest.lock";
			outputFileListPaths = (
			);
			outputPaths = (
				"$(DERIVED_FILE_DIR)/Pods-swiftpro-checkManifestLockResult.txt",
			);
			runOnlyForDeploymentPostprocessing = 0;
			shellPath = /bin/sh;
			shellScript = "diff \"${PODS_PODFILE_DIR_PATH}/Podfile.lock\" \"${PODS_ROOT}/Manifest.lock\" > /dev/null\nif [ $? != 0 ] ; then\n    # print error to STDERR\n    echo \"error: The sandbox is not in sync with the Podfile.lock. Run 'pod install' or update your CocoaPods installation.\" >&2\n    exit 1\nfi\n# This output is used by Xcode 'outputs' to avoid re-running this script phase.\necho \"SUCCESS\" > \"${SCRIPT_OUTPUT_FILE_0}\"\n";
			showEnvVarsInLog = 0;
		};
		A3CCBCA3AD14978212C01730 /* [CP] Check Pods Manifest.lock */ = {
			isa = PBXShellScriptBuildPhase;
			buildActionMask = 2147483647;
			files = (
			);
			inputFileListPaths = (
			);
			inputPaths = (
				"${PODS_PODFILE_DIR_PATH}/Podfile.lock",
				"${PODS_ROOT}/Manifest.lock",
			);
			name = "[CP] Check Pods Manifest.lock";
			outputFileListPaths = (
			);
			outputPaths = (
				"$(DERIVED_FILE_DIR)/Pods-swiftproTests-checkManifestLockResult.txt",
			);
			runOnlyForDeploymentPostprocessing = 0;
			shellPath = /bin/sh;
			shellScript = "diff \"${PODS_PODFILE_DIR_PATH}/Podfile.lock\" \"${PODS_ROOT}/Manifest.lock\" > /dev/null\nif [ $? != 0 ] ; then\n    # print error to STDERR\n    echo \"error: The sandbox is not in sync with the Podfile.lock. Run 'pod install' or update your CocoaPods installation.\" >&2\n    exit 1\nfi\n# This output is used by Xcode 'outputs' to avoid re-running this script phase.\necho \"SUCCESS\" > \"${SCRIPT_OUTPUT_FILE_0}\"\n";
			showEnvVarsInLog = 0;
		};
		A89609DAE1DBA68F9899BC02 /* [CP] Check Pods Manifest.lock */ = {
			isa = PBXShellScriptBuildPhase;
			buildActionMask = 2147483647;
			files = (
			);
			inputFileListPaths = (
			);
			inputPaths = (
				"${PODS_PODFILE_DIR_PATH}/Podfile.lock",
				"${PODS_ROOT}/Manifest.lock",
			);
			name = "[CP] Check Pods Manifest.lock";
			outputFileListPaths = (
			);
			outputPaths = (
				"$(DERIVED_FILE_DIR)/Pods-swiftpro-swiftproUITests-checkManifestLockResult.txt",
			);
			runOnlyForDeploymentPostprocessing = 0;
			shellPath = /bin/sh;
			shellScript = "diff \"${PODS_PODFILE_DIR_PATH}/Podfile.lock\" \"${PODS_ROOT}/Manifest.lock\" > /dev/null\nif [ $? != 0 ] ; then\n    # print error to STDERR\n    echo \"error: The sandbox is not in sync with the Podfile.lock. Run 'pod install' or update your CocoaPods installation.\" >&2\n    exit 1\nfi\n# This output is used by Xcode 'outputs' to avoid re-running this script phase.\necho \"SUCCESS\" > \"${SCRIPT_OUTPUT_FILE_0}\"\n";
			showEnvVarsInLog = 0;
		};
/* End PBXShellScriptBuildPhase section */

/* Begin PBXSourcesBuildPhase section */
		C73DF7972938BBE90098F018 /* Sources */ = {
			isa = PBXSourcesBuildPhase;
			buildActionMask = 2147483647;
			files = (
				C763EE1E295AC4E000ED2115 /* Queue.swift in Sources */,
				C763EE1C295AC3BD00ED2115 /* Stack.swift in Sources */,
				C73DF79F2938BBE90098F018 /* AppDelegate.swift in Sources */,
				C71717682963FD0000C60F4E /* ColorConstants.swift in Sources */,
				C73DF7A12938BBE90098F018 /* SceneDelegate.swift in Sources */,
				C732353B295B165200075DC0 /* BinaryTree.swift in Sources */,
				C7323539295B0D9800075DC0 /* Tree.swift in Sources */,
				C755B664296DAE06006D3E45 /* SignInViewController.swift in Sources */,
				C7B5080329681C46009ACA72 /* DashboardViewController.swift in Sources */,
				C708FEAA2966A23800520EC4 /* RegX.swift in Sources */,
				C73DF7A92938BBE90098F018 /* swiftpro.xcdatamodeld in Sources */,
				C7BF123D295C818A00BA75E9 /* StringConstants.swift in Sources */,
				C7EEF402295D9DA200CB9DD8 /* Extensions.swift in Sources */,
				C7B5080529682586009ACA72 /* SystemIconConstants.swift in Sources */,
				C7B30E32295ADC58004C0937 /* LinkedList.swift in Sources */,
				C7D332B5296847A6006BE75C /* ASPasswordTF.swift in Sources */,
				C71717662963FC5300C60F4E /* LoginViewController.swift in Sources */,
			);
			runOnlyForDeploymentPostprocessing = 0;
		};
		C73DF7B02938BBEA0098F018 /* Sources */ = {
			isa = PBXSourcesBuildPhase;
			buildActionMask = 2147483647;
			files = (
				C73DF7B92938BBEB0098F018 /* swiftproTests.swift in Sources */,
			);
			runOnlyForDeploymentPostprocessing = 0;
		};
		C73DF7BA2938BBEB0098F018 /* Sources */ = {
			isa = PBXSourcesBuildPhase;
			buildActionMask = 2147483647;
			files = (
				C73DF7C52938BBEB0098F018 /* swiftproUITestsLaunchTests.swift in Sources */,
				C73DF7C32938BBEB0098F018 /* swiftproUITests.swift in Sources */,
			);
			runOnlyForDeploymentPostprocessing = 0;
		};
/* End PBXSourcesBuildPhase section */

/* Begin PBXTargetDependency section */
		C73DF7B62938BBEA0098F018 /* PBXTargetDependency */ = {
			isa = PBXTargetDependency;
			target = C73DF79A2938BBE90098F018 /* swiftpro */;
			targetProxy = C73DF7B52938BBEA0098F018 /* PBXContainerItemProxy */;
		};
		C73DF7C02938BBEB0098F018 /* PBXTargetDependency */ = {
			isa = PBXTargetDependency;
			target = C73DF79A2938BBE90098F018 /* swiftpro */;
			targetProxy = C73DF7BF2938BBEB0098F018 /* PBXContainerItemProxy */;
		};
/* End PBXTargetDependency section */

/* Begin PBXVariantGroup section */
		C73DF7AC2938BBEA0098F018 /* LaunchScreen.storyboard */ = {
			isa = PBXVariantGroup;
			children = (
				C73DF7AD2938BBEA0098F018 /* Base */,
			);
			name = LaunchScreen.storyboard;
			sourceTree = "<group>";
		};
/* End PBXVariantGroup section */

/* Begin XCBuildConfiguration section */
		C73DF7C62938BBEB0098F018 /* Debug */ = {
			isa = XCBuildConfiguration;
			buildSettings = {
				ALWAYS_SEARCH_USER_PATHS = NO;
				CLANG_ANALYZER_NONNULL = YES;
				CLANG_ANALYZER_NUMBER_OBJECT_CONVERSION = YES_AGGRESSIVE;
				CLANG_CXX_LANGUAGE_STANDARD = "gnu++20";
				CLANG_ENABLE_MODULES = YES;
				CLANG_ENABLE_OBJC_ARC = YES;
				CLANG_ENABLE_OBJC_WEAK = YES;
				CLANG_WARN_BLOCK_CAPTURE_AUTORELEASING = YES;
				CLANG_WARN_BOOL_CONVERSION = YES;
				CLANG_WARN_COMMA = YES;
				CLANG_WARN_CONSTANT_CONVERSION = YES;
				CLANG_WARN_DEPRECATED_OBJC_IMPLEMENTATIONS = YES;
				CLANG_WARN_DIRECT_OBJC_ISA_USAGE = YES_ERROR;
				CLANG_WARN_DOCUMENTATION_COMMENTS = YES;
				CLANG_WARN_EMPTY_BODY = YES;
				CLANG_WARN_ENUM_CONVERSION = YES;
				CLANG_WARN_INFINITE_RECURSION = YES;
				CLANG_WARN_INT_CONVERSION = YES;
				CLANG_WARN_NON_LITERAL_NULL_CONVERSION = YES;
				CLANG_WARN_OBJC_IMPLICIT_RETAIN_SELF = YES;
				CLANG_WARN_OBJC_LITERAL_CONVERSION = YES;
				CLANG_WARN_OBJC_ROOT_CLASS = YES_ERROR;
				CLANG_WARN_QUOTED_INCLUDE_IN_FRAMEWORK_HEADER = YES;
				CLANG_WARN_RANGE_LOOP_ANALYSIS = YES;
				CLANG_WARN_STRICT_PROTOTYPES = YES;
				CLANG_WARN_SUSPICIOUS_MOVE = YES;
				CLANG_WARN_UNGUARDED_AVAILABILITY = YES_AGGRESSIVE;
				CLANG_WARN_UNREACHABLE_CODE = YES;
				CLANG_WARN__DUPLICATE_METHOD_MATCH = YES;
				COPY_PHASE_STRIP = NO;
				DEBUG_INFORMATION_FORMAT = dwarf;
				ENABLE_STRICT_OBJC_MSGSEND = YES;
				ENABLE_TESTABILITY = YES;
				GCC_C_LANGUAGE_STANDARD = gnu11;
				GCC_DYNAMIC_NO_PIC = NO;
				GCC_NO_COMMON_BLOCKS = YES;
				GCC_OPTIMIZATION_LEVEL = 0;
				GCC_PREPROCESSOR_DEFINITIONS = (
					"DEBUG=1",
					"$(inherited)",
				);
				GCC_WARN_64_TO_32_BIT_CONVERSION = YES;
				GCC_WARN_ABOUT_RETURN_TYPE = YES_ERROR;
				GCC_WARN_UNDECLARED_SELECTOR = YES;
				GCC_WARN_UNINITIALIZED_AUTOS = YES_AGGRESSIVE;
				GCC_WARN_UNUSED_FUNCTION = YES;
				GCC_WARN_UNUSED_VARIABLE = YES;
				IPHONEOS_DEPLOYMENT_TARGET = 16.0;
				MTL_ENABLE_DEBUG_INFO = INCLUDE_SOURCE;
				MTL_FAST_MATH = YES;
				ONLY_ACTIVE_ARCH = YES;
				SDKROOT = iphoneos;
				SWIFT_ACTIVE_COMPILATION_CONDITIONS = DEBUG;
				SWIFT_OPTIMIZATION_LEVEL = "-Onone";
			};
			name = Debug;
		};
		C73DF7C72938BBEB0098F018 /* Release */ = {
			isa = XCBuildConfiguration;
			buildSettings = {
				ALWAYS_SEARCH_USER_PATHS = NO;
				CLANG_ANALYZER_NONNULL = YES;
				CLANG_ANALYZER_NUMBER_OBJECT_CONVERSION = YES_AGGRESSIVE;
				CLANG_CXX_LANGUAGE_STANDARD = "gnu++20";
				CLANG_ENABLE_MODULES = YES;
				CLANG_ENABLE_OBJC_ARC = YES;
				CLANG_ENABLE_OBJC_WEAK = YES;
				CLANG_WARN_BLOCK_CAPTURE_AUTORELEASING = YES;
				CLANG_WARN_BOOL_CONVERSION = YES;
				CLANG_WARN_COMMA = YES;
				CLANG_WARN_CONSTANT_CONVERSION = YES;
				CLANG_WARN_DEPRECATED_OBJC_IMPLEMENTATIONS = YES;
				CLANG_WARN_DIRECT_OBJC_ISA_USAGE = YES_ERROR;
				CLANG_WARN_DOCUMENTATION_COMMENTS = YES;
				CLANG_WARN_EMPTY_BODY = YES;
				CLANG_WARN_ENUM_CONVERSION = YES;
				CLANG_WARN_INFINITE_RECURSION = YES;
				CLANG_WARN_INT_CONVERSION = YES;
				CLANG_WARN_NON_LITERAL_NULL_CONVERSION = YES;
				CLANG_WARN_OBJC_IMPLICIT_RETAIN_SELF = YES;
				CLANG_WARN_OBJC_LITERAL_CONVERSION = YES;
				CLANG_WARN_OBJC_ROOT_CLASS = YES_ERROR;
				CLANG_WARN_QUOTED_INCLUDE_IN_FRAMEWORK_HEADER = YES;
				CLANG_WARN_RANGE_LOOP_ANALYSIS = YES;
				CLANG_WARN_STRICT_PROTOTYPES = YES;
				CLANG_WARN_SUSPICIOUS_MOVE = YES;
				CLANG_WARN_UNGUARDED_AVAILABILITY = YES_AGGRESSIVE;
				CLANG_WARN_UNREACHABLE_CODE = YES;
				CLANG_WARN__DUPLICATE_METHOD_MATCH = YES;
				COPY_PHASE_STRIP = NO;
				DEBUG_INFORMATION_FORMAT = "dwarf-with-dsym";
				ENABLE_NS_ASSERTIONS = NO;
				ENABLE_STRICT_OBJC_MSGSEND = YES;
				GCC_C_LANGUAGE_STANDARD = gnu11;
				GCC_NO_COMMON_BLOCKS = YES;
				GCC_WARN_64_TO_32_BIT_CONVERSION = YES;
				GCC_WARN_ABOUT_RETURN_TYPE = YES_ERROR;
				GCC_WARN_UNDECLARED_SELECTOR = YES;
				GCC_WARN_UNINITIALIZED_AUTOS = YES_AGGRESSIVE;
				GCC_WARN_UNUSED_FUNCTION = YES;
				GCC_WARN_UNUSED_VARIABLE = YES;
				IPHONEOS_DEPLOYMENT_TARGET = 16.0;
				MTL_ENABLE_DEBUG_INFO = NO;
				MTL_FAST_MATH = YES;
				SDKROOT = iphoneos;
				SWIFT_COMPILATION_MODE = wholemodule;
				SWIFT_OPTIMIZATION_LEVEL = "-O";
				VALIDATE_PRODUCT = YES;
			};
			name = Release;
		};
		C73DF7C92938BBEB0098F018 /* Debug */ = {
			isa = XCBuildConfiguration;
			baseConfigurationReference = F9D899DF52DF970BC0E8E86B /* Pods-swiftpro.debug.xcconfig */;
			buildSettings = {
				ASSETCATALOG_COMPILER_APPICON_NAME = AppIcon;
				ASSETCATALOG_COMPILER_GLOBAL_ACCENT_COLOR_NAME = AccentColor;
				CODE_SIGN_STYLE = Automatic;
				CURRENT_PROJECT_VERSION = 1;
				DEVELOPMENT_TEAM = RQ9BPQCP49;
				GENERATE_INFOPLIST_FILE = YES;
				INFOPLIST_FILE = swiftpro/Info.plist;
				INFOPLIST_KEY_UIApplicationSupportsIndirectInputEvents = YES;
				INFOPLIST_KEY_UILaunchStoryboardName = LaunchScreen;
				INFOPLIST_KEY_UISupportedInterfaceOrientations_iPad = "UIInterfaceOrientationPortrait UIInterfaceOrientationPortraitUpsideDown UIInterfaceOrientationLandscapeLeft UIInterfaceOrientationLandscapeRight";
				INFOPLIST_KEY_UISupportedInterfaceOrientations_iPhone = "UIInterfaceOrientationPortrait UIInterfaceOrientationLandscapeLeft UIInterfaceOrientationLandscapeRight";
				IPHONEOS_DEPLOYMENT_TARGET = 13.0;
				LD_RUNPATH_SEARCH_PATHS = (
					"$(inherited)",
					"@executable_path/Frameworks",
				);
				MARKETING_VERSION = 1.0;
				PRODUCT_BUNDLE_IDENTIFIER = com.meditab.swiftpro.swiftpro;
				PRODUCT_NAME = "$(TARGET_NAME)";
				SUPPORTED_PLATFORMS = "iphoneos iphonesimulator";
				SUPPORTS_MACCATALYST = NO;
				SUPPORTS_MAC_DESIGNED_FOR_IPHONE_IPAD = NO;
				SWIFT_EMIT_LOC_STRINGS = YES;
				SWIFT_VERSION = 5.0;
				TARGETED_DEVICE_FAMILY = 1;
			};
			name = Debug;
		};
		C73DF7CA2938BBEB0098F018 /* Release */ = {
			isa = XCBuildConfiguration;
			baseConfigurationReference = DCA3D982ABFFA4CAC6309F80 /* Pods-swiftpro.release.xcconfig */;
			buildSettings = {
				ASSETCATALOG_COMPILER_APPICON_NAME = AppIcon;
				ASSETCATALOG_COMPILER_GLOBAL_ACCENT_COLOR_NAME = AccentColor;
				CODE_SIGN_STYLE = Automatic;
				CURRENT_PROJECT_VERSION = 1;
				DEVELOPMENT_TEAM = RQ9BPQCP49;
				GENERATE_INFOPLIST_FILE = YES;
				INFOPLIST_FILE = swiftpro/Info.plist;
				INFOPLIST_KEY_UIApplicationSupportsIndirectInputEvents = YES;
				INFOPLIST_KEY_UILaunchStoryboardName = LaunchScreen;
				INFOPLIST_KEY_UISupportedInterfaceOrientations_iPad = "UIInterfaceOrientationPortrait UIInterfaceOrientationPortraitUpsideDown UIInterfaceOrientationLandscapeLeft UIInterfaceOrientationLandscapeRight";
				INFOPLIST_KEY_UISupportedInterfaceOrientations_iPhone = "UIInterfaceOrientationPortrait UIInterfaceOrientationLandscapeLeft UIInterfaceOrientationLandscapeRight";
				IPHONEOS_DEPLOYMENT_TARGET = 13.0;
				LD_RUNPATH_SEARCH_PATHS = (
					"$(inherited)",
					"@executable_path/Frameworks",
				);
				MARKETING_VERSION = 1.0;
				PRODUCT_BUNDLE_IDENTIFIER = com.meditab.swiftpro.swiftpro;
				PRODUCT_NAME = "$(TARGET_NAME)";
				SUPPORTED_PLATFORMS = "iphoneos iphonesimulator";
				SUPPORTS_MACCATALYST = NO;
				SUPPORTS_MAC_DESIGNED_FOR_IPHONE_IPAD = NO;
				SWIFT_EMIT_LOC_STRINGS = YES;
				SWIFT_VERSION = 5.0;
				TARGETED_DEVICE_FAMILY = 1;
			};
			name = Release;
		};
		C73DF7CC2938BBEB0098F018 /* Debug */ = {
			isa = XCBuildConfiguration;
			baseConfigurationReference = 59D98393BCD0DEE8F0E7ED1D /* Pods-swiftproTests.debug.xcconfig */;
			buildSettings = {
				ALWAYS_EMBED_SWIFT_STANDARD_LIBRARIES = YES;
				BUNDLE_LOADER = "$(TEST_HOST)";
				CODE_SIGN_STYLE = Automatic;
				CURRENT_PROJECT_VERSION = 1;
				DEVELOPMENT_TEAM = RQ9BPQCP49;
				GENERATE_INFOPLIST_FILE = YES;
				IPHONEOS_DEPLOYMENT_TARGET = 16.0;
				MARKETING_VERSION = 1.0;
				PRODUCT_BUNDLE_IDENTIFIER = com.meditab.swiftpro.swiftproTests;
				PRODUCT_NAME = "$(TARGET_NAME)";
				SWIFT_EMIT_LOC_STRINGS = NO;
				SWIFT_VERSION = 5.0;
				TARGETED_DEVICE_FAMILY = "1,2";
				TEST_HOST = "$(BUILT_PRODUCTS_DIR)/swiftpro.app/$(BUNDLE_EXECUTABLE_FOLDER_PATH)/swiftpro";
			};
			name = Debug;
		};
		C73DF7CD2938BBEB0098F018 /* Release */ = {
			isa = XCBuildConfiguration;
			baseConfigurationReference = 56AA02CDCBC5A0384CDFB1A7 /* Pods-swiftproTests.release.xcconfig */;
			buildSettings = {
				ALWAYS_EMBED_SWIFT_STANDARD_LIBRARIES = YES;
				BUNDLE_LOADER = "$(TEST_HOST)";
				CODE_SIGN_STYLE = Automatic;
				CURRENT_PROJECT_VERSION = 1;
				DEVELOPMENT_TEAM = RQ9BPQCP49;
				GENERATE_INFOPLIST_FILE = YES;
				IPHONEOS_DEPLOYMENT_TARGET = 16.0;
				MARKETING_VERSION = 1.0;
				PRODUCT_BUNDLE_IDENTIFIER = com.meditab.swiftpro.swiftproTests;
				PRODUCT_NAME = "$(TARGET_NAME)";
				SWIFT_EMIT_LOC_STRINGS = NO;
				SWIFT_VERSION = 5.0;
				TARGETED_DEVICE_FAMILY = "1,2";
				TEST_HOST = "$(BUILT_PRODUCTS_DIR)/swiftpro.app/$(BUNDLE_EXECUTABLE_FOLDER_PATH)/swiftpro";
			};
			name = Release;
		};
		C73DF7CF2938BBEB0098F018 /* Debug */ = {
			isa = XCBuildConfiguration;
			baseConfigurationReference = 04DF6AC64866F5A5C476AEAC /* Pods-swiftpro-swiftproUITests.debug.xcconfig */;
			buildSettings = {
				ALWAYS_EMBED_SWIFT_STANDARD_LIBRARIES = YES;
				CODE_SIGN_STYLE = Automatic;
				CURRENT_PROJECT_VERSION = 1;
				DEVELOPMENT_TEAM = RQ9BPQCP49;
				GENERATE_INFOPLIST_FILE = YES;
				MARKETING_VERSION = 1.0;
				PRODUCT_BUNDLE_IDENTIFIER = com.meditab.swiftpro.swiftproUITests;
				PRODUCT_NAME = "$(TARGET_NAME)";
				SWIFT_EMIT_LOC_STRINGS = NO;
				SWIFT_VERSION = 5.0;
				TARGETED_DEVICE_FAMILY = "1,2";
				TEST_TARGET_NAME = swiftpro;
			};
			name = Debug;
		};
		C73DF7D02938BBEB0098F018 /* Release */ = {
			isa = XCBuildConfiguration;
			baseConfigurationReference = B5564176E9AFD2BC975B7D48 /* Pods-swiftpro-swiftproUITests.release.xcconfig */;
			buildSettings = {
				ALWAYS_EMBED_SWIFT_STANDARD_LIBRARIES = YES;
				CODE_SIGN_STYLE = Automatic;
				CURRENT_PROJECT_VERSION = 1;
				DEVELOPMENT_TEAM = RQ9BPQCP49;
				GENERATE_INFOPLIST_FILE = YES;
				MARKETING_VERSION = 1.0;
				PRODUCT_BUNDLE_IDENTIFIER = com.meditab.swiftpro.swiftproUITests;
				PRODUCT_NAME = "$(TARGET_NAME)";
				SWIFT_EMIT_LOC_STRINGS = NO;
				SWIFT_VERSION = 5.0;
				TARGETED_DEVICE_FAMILY = "1,2";
				TEST_TARGET_NAME = swiftpro;
			};
			name = Release;
		};
/* End XCBuildConfiguration section */

/* Begin XCConfigurationList section */
		C73DF7962938BBE90098F018 /* Build configuration list for PBXProject "swiftpro" */ = {
			isa = XCConfigurationList;
			buildConfigurations = (
				C73DF7C62938BBEB0098F018 /* Debug */,
				C73DF7C72938BBEB0098F018 /* Release */,
			);
			defaultConfigurationIsVisible = 0;
			defaultConfigurationName = Release;
		};
		C73DF7C82938BBEB0098F018 /* Build configuration list for PBXNativeTarget "swiftpro" */ = {
			isa = XCConfigurationList;
			buildConfigurations = (
				C73DF7C92938BBEB0098F018 /* Debug */,
				C73DF7CA2938BBEB0098F018 /* Release */,
			);
			defaultConfigurationIsVisible = 0;
			defaultConfigurationName = Release;
		};
		C73DF7CB2938BBEB0098F018 /* Build configuration list for PBXNativeTarget "swiftproTests" */ = {
			isa = XCConfigurationList;
			buildConfigurations = (
				C73DF7CC2938BBEB0098F018 /* Debug */,
				C73DF7CD2938BBEB0098F018 /* Release */,
			);
			defaultConfigurationIsVisible = 0;
			defaultConfigurationName = Release;
		};
		C73DF7CE2938BBEB0098F018 /* Build configuration list for PBXNativeTarget "swiftproUITests" */ = {
			isa = XCConfigurationList;
			buildConfigurations = (
				C73DF7CF2938BBEB0098F018 /* Debug */,
				C73DF7D02938BBEB0098F018 /* Release */,
			);
			defaultConfigurationIsVisible = 0;
			defaultConfigurationName = Release;
		};
/* End XCConfigurationList section */

/* Begin XCVersionGroup section */
		C73DF7A72938BBE90098F018 /* swiftpro.xcdatamodeld */ = {
			isa = XCVersionGroup;
			children = (
				C73DF7A82938BBE90098F018 /* swiftpro.xcdatamodel */,
			);
			currentVersion = C73DF7A82938BBE90098F018 /* swiftpro.xcdatamodel */;
			path = swiftpro.xcdatamodeld;
			sourceTree = "<group>";
			versionGroupType = wrapper.xcdatamodel;
		};
/* End XCVersionGroup section */
	};
	rootObject = C73DF7932938BBE90098F018 /* Project object */;
}
