// !$*UTF8*$!
{
	archiveVersion = 1;
	classes = {
	};
	objectVersion = 56;
	objects = {

/* Begin PBXBuildFile section */
		C73DF79F2938BBE90098F018 /* AppDelegate.swift in Sources */ = {isa = PBXBuildFile; fileRef = C73DF79E2938BBE90098F018 /* AppDelegate.swift */; };
		C73DF7A12938BBE90098F018 /* SceneDelegate.swift in Sources */ = {isa = PBXBuildFile; fileRef = C73DF7A02938BBE90098F018 /* SceneDelegate.swift */; };
		C73DF7A32938BBE90098F018 /* ViewController.swift in Sources */ = {isa = PBXBuildFile; fileRef = C73DF7A22938BBE90098F018 /* ViewController.swift */; };
		C73DF7A62938BBE90098F018 /* Main.storyboard in Resources */ = {isa = PBXBuildFile; fileRef = C73DF7A42938BBE90098F018 /* Main.storyboard */; };
		C73DF7A92938BBE90098F018 /* swiftpro.xcdatamodeld in Sources */ = {isa = PBXBuildFile; fileRef = C73DF7A72938BBE90098F018 /* swiftpro.xcdatamodeld */; };
		C73DF7AB2938BBEA0098F018 /* Assets.xcassets in Resources */ = {isa = PBXBuildFile; fileRef = C73DF7AA2938BBEA0098F018 /* Assets.xcassets */; };
		C73DF7AE2938BBEA0098F018 /* LaunchScreen.storyboard in Resources */ = {isa = PBXBuildFile; fileRef = C73DF7AC2938BBEA0098F018 /* LaunchScreen.storyboard */; };
		C73DF7B92938BBEB0098F018 /* swiftproTests.swift in Sources */ = {isa = PBXBuildFile; fileRef = C73DF7B82938BBEB0098F018 /* swiftproTests.swift */; };
		C73DF7C32938BBEB0098F018 /* swiftproUITests.swift in Sources */ = {isa = PBXBuildFile; fileRef = C73DF7C22938BBEB0098F018 /* swiftproUITests.swift */; };
		C73DF7C52938BBEB0098F018 /* swiftproUITestsLaunchTests.swift in Sources */ = {isa = PBXBuildFile; fileRef = C73DF7C42938BBEB0098F018 /* swiftproUITestsLaunchTests.swift */; };
/* End PBXBuildFile section */

/* Begin PBXContainerItemProxy section */
		C73DF7B52938BBEA0098F018 /* PBXContainerItemProxy */ = {
			isa = PBXContainerItemProxy;
			containerPortal = C73DF7932938BBE90098F018 /* Project object */;
			proxyType = 1;
			remoteGlobalIDString = C73DF79A2938BBE90098F018;
			remoteInfo = swiftpro;
		};
		C73DF7BF2938BBEB0098F018 /* PBXContainerItemProxy */ = {
			isa = PBXContainerItemProxy;
			containerPortal = C73DF7932938BBE90098F018 /* Project object */;
			proxyType = 1;
			remoteGlobalIDString = C73DF79A2938BBE90098F018;
			remoteInfo = swiftpro;
		};
/* End PBXContainerItemProxy section */

/* Begin PBXFileReference section */
		C73DF79B2938BBE90098F018 /* swiftpro.app */ = {isa = PBXFileReference; explicitFileType = wrapper.application; includeInIndex = 0; path = swiftpro.app; sourceTree = BUILT_PRODUCTS_DIR; };
		C73DF79E2938BBE90098F018 /* AppDelegate.swift */ = {isa = PBXFileReference; lastKnownFileType = sourcecode.swift; path = AppDelegate.swift; sourceTree = "<group>"; };
		C73DF7A02938BBE90098F018 /* SceneDelegate.swift */ = {isa = PBXFileReference; lastKnownFileType = sourcecode.swift; path = SceneDelegate.swift; sourceTree = "<group>"; };
		C73DF7A22938BBE90098F018 /* ViewController.swift */ = {isa = PBXFileReference; lastKnownFileType = sourcecode.swift; path = ViewController.swift; sourceTree = "<group>"; };
		C73DF7A52938BBE90098F018 /* Base */ = {isa = PBXFileReference; lastKnownFileType = file.storyboard; name = Base; path = Base.lproj/Main.storyboard; sourceTree = "<group>"; };
		C73DF7A82938BBE90098F018 /* swiftpro.xcdatamodel */ = {isa = PBXFileReference; lastKnownFileType = wrapper.xcdatamodel; path = swiftpro.xcdatamodel; sourceTree = "<group>"; };
		C73DF7AA2938BBEA0098F018 /* Assets.xcassets */ = {isa = PBXFileReference; lastKnownFileType = folder.assetcatalog; path = Assets.xcassets; sourceTree = "<group>"; };
		C73DF7AD2938BBEA0098F018 /* Base */ = {isa = PBXFileReference; lastKnownFileType = file.storyboard; name = Base; path = Base.lproj/LaunchScreen.storyboard; sourceTree = "<group>"; };
		C73DF7AF2938BBEA0098F018 /* Info.plist */ = {isa = PBXFileReference; lastKnownFileType = text.plist.xml; path = Info.plist; sourceTree = "<group>"; };
		C73DF7B42938BBEA0098F018 /* swiftproTests.xctest */ = {isa = PBXFileReference; explicitFileType = wrapper.cfbundle; includeInIndex = 0; path = swiftproTests.xctest; sourceTree = BUILT_PRODUCTS_DIR; };
		C73DF7B82938BBEB0098F018 /* swiftproTests.swift */ = {isa = PBXFileReference; lastKnownFileType = sourcecode.swift; path = swiftproTests.swift; sourceTree = "<group>"; };
		C73DF7BE2938BBEB0098F018 /* swiftproUITests.xctest */ = {isa = PBXFileReference; explicitFileType = wrapper.cfbundle; includeInIndex = 0; path = swiftproUITests.xctest; sourceTree = BUILT_PRODUCTS_DIR; };
		C73DF7C22938BBEB0098F018 /* swiftproUITests.swift */ = {isa = PBXFileReference; lastKnownFileType = sourcecode.swift; path = swiftproUITests.swift; sourceTree = "<group>"; };
		C73DF7C42938BBEB0098F018 /* swiftproUITestsLaunchTests.swift */ = {isa = PBXFileReference; lastKnownFileType = sourcecode.swift; path = swiftproUITestsLaunchTests.swift; sourceTree = "<group>"; };
/* End PBXFileReference section */

/* Begin PBXFrameworksBuildPhase section */
		C73DF7982938BBE90098F018 /* Frameworks */ = {
			isa = PBXFrameworksBuildPhase;
			buildActionMask = 2147483647;
			files = (
			);
			runOnlyForDeploymentPostprocessing = 0;
		};
		C73DF7B12938BBEA0098F018 /* Frameworks */ = {
			isa = PBXFrameworksBuildPhase;
			buildActionMask = 2147483647;
			files = (
			);
			runOnlyForDeploymentPostprocessing = 0;
		};
		C73DF7BB2938BBEB0098F018 /* Frameworks */ = {
			isa = PBXFrameworksBuildPhase;
			buildActionMask = 2147483647;
			files = (
			);
			runOnlyForDeploymentPostprocessing = 0;
		};
/* End PBXFrameworksBuildPhase section */

/* Begin PBXGroup section */
		C73DF7922938BBE90098F018 = {
			isa = PBXGroup;
			children = (
				C73DF79D2938BBE90098F018 /* swiftpro */,
				C73DF7B72938BBEB0098F018 /* swiftproTests */,
				C73DF7C12938BBEB0098F018 /* swiftproUITests */,
				C73DF79C2938BBE90098F018 /* Products */,
			);
			sourceTree = "<group>";
		};
		C73DF79C2938BBE90098F018 /* Products */ = {
			isa = PBXGroup;
			children = (
				C73DF79B2938BBE90098F018 /* swiftpro.app */,
				C73DF7B42938BBEA0098F018 /* swiftproTests.xctest */,
				C73DF7BE2938BBEB0098F018 /* swiftproUITests.xctest */,
			);
			name = Products;
			sourceTree = "<group>";
		};
		C73DF79D2938BBE90098F018 /* swiftpro */ = {
			isa = PBXGroup;
			children = (
				C73DF79E2938BBE90098F018 /* AppDelegate.swift */,
				C73DF7A02938BBE90098F018 /* SceneDelegate.swift */,
				C73DF7A22938BBE90098F018 /* ViewController.swift */,
				C73DF7A42938BBE90098F018 /* Main.storyboard */,
				C73DF7AA2938BBEA0098F018 /* Assets.xcassets */,
				C73DF7AC2938BBEA0098F018 /* LaunchScreen.storyboard */,
				C73DF7AF2938BBEA0098F018 /* Info.plist */,
				C73DF7A72938BBE90098F018 /* swiftpro.xcdatamodeld */,
			);
			path = swiftpro;
			sourceTree = "<group>";
		};
		C73DF7B72938BBEB0098F018 /* swiftproTests */ = {
			isa = PBXGroup;
			children = (
				C73DF7B82938BBEB0098F018 /* swiftproTests.swift */,
			);
			path = swiftproTests;
			sourceTree = "<group>";
		};
		C73DF7C12938BBEB0098F018 /* swiftproUITests */ = {
			isa = PBXGroup;
			children = (
				C73DF7C22938BBEB0098F018 /* swiftproUITests.swift */,
				C73DF7C42938BBEB0098F018 /* swiftproUITestsLaunchTests.swift */,
			);
			path = swiftproUITests;
			sourceTree = "<group>";
		};
/* End PBXGroup section */

/* Begin PBXNativeTarget section */
		C73DF79A2938BBE90098F018 /* swiftpro */ = {
			isa = PBXNativeTarget;
			buildConfigurationList = C73DF7C82938BBEB0098F018 /* Build configuration list for PBXNativeTarget "swiftpro" */;
			buildPhases = (
				C73DF7972938BBE90098F018 /* Sources */,
				C73DF7982938BBE90098F018 /* Frameworks */,
				C73DF7992938BBE90098F018 /* Resources */,
			);
			buildRules = (
			);
			dependencies = (
			);
			name = swiftpro;
			productName = swiftpro;
			productReference = C73DF79B2938BBE90098F018 /* swiftpro.app */;
			productType = "com.apple.product-type.application";
		};
		C73DF7B32938BBEA0098F018 /* swiftproTests */ = {
			isa = PBXNativeTarget;
			buildConfigurationList = C73DF7CB2938BBEB0098F018 /* Build configuration list for PBXNativeTarget "swiftproTests" */;
			buildPhases = (
				C73DF7B02938BBEA0098F018 /* Sources */,
				C73DF7B12938BBEA0098F018 /* Frameworks */,
				C73DF7B22938BBEA0098F018 /* Resources */,
			);
			buildRules = (
			);
			dependencies = (
				C73DF7B62938BBEA0098F018 /* PBXTargetDependency */,
			);
			name = swiftproTests;
			productName = swiftproTests;
			productReference = C73DF7B42938BBEA0098F018 /* swiftproTests.xctest */;
			productType = "com.apple.product-type.bundle.unit-test";
		};
		C73DF7BD2938BBEB0098F018 /* swiftproUITests */ = {
			isa = PBXNativeTarget;
			buildConfigurationList = C73DF7CE2938BBEB0098F018 /* Build configuration list for PBXNativeTarget "swiftproUITests" */;
			buildPhases = (
				C73DF7BA2938BBEB0098F018 /* Sources */,
				C73DF7BB2938BBEB0098F018 /* Frameworks */,
				C73DF7BC2938BBEB0098F018 /* Resources */,
			);
			buildRules = (
			);
			dependencies = (
				C73DF7C02938BBEB0098F018 /* PBXTargetDependency */,
			);
			name = swiftproUITests;
			productName = swiftproUITests;
			productReference = C73DF7BE2938BBEB0098F018 /* swiftproUITests.xctest */;
			productType = "com.apple.product-type.bundle.ui-testing";
		};
/* End PBXNativeTarget section */

/* Begin PBXProject section */
		C73DF7932938BBE90098F018 /* Project object */ = {
			isa = PBXProject;
			attributes = {
				BuildIndependentTargetsInParallel = 1;
				LastSwiftUpdateCheck = 1400;
				LastUpgradeCheck = 1400;
				TargetAttributes = {
					C73DF79A2938BBE90098F018 = {
						CreatedOnToolsVersion = 14.0.1;
					};
					C73DF7B32938BBEA0098F018 = {
						CreatedOnToolsVersion = 14.0.1;
						TestTargetID = C73DF79A2938BBE90098F018;
					};
					C73DF7BD2938BBEB0098F018 = {
						CreatedOnToolsVersion = 14.0.1;
						TestTargetID = C73DF79A2938BBE90098F018;
					};
				};
			};
			buildConfigurationList = C73DF7962938BBE90098F018 /* Build configuration list for PBXProject "swiftpro" */;
			compatibilityVersion = "Xcode 14.0";
			developmentRegion = en;
			hasScannedForEncodings = 0;
			knownRegions = (
				en,
				Base,
			);
			mainGroup = C73DF7922938BBE90098F018;
			productRefGroup = C73DF79C2938BBE90098F018 /* Products */;
			projectDirPath = "";
			projectRoot = "";
			targets = (
				C73DF79A2938BBE90098F018 /* swiftpro */,
				C73DF7B32938BBEA0098F018 /* swiftproTests */,
				C73DF7BD2938BBEB0098F018 /* swiftproUITests */,
			);
		};
/* End PBXProject section */

/* Begin PBXResourcesBuildPhase section */
		C73DF7992938BBE90098F018 /* Resources */ = {
			isa = PBXResourcesBuildPhase;
			buildActionMask = 2147483647;
			files = (
				C73DF7AE2938BBEA0098F018 /* LaunchScreen.storyboard in Resources */,
				C73DF7AB2938BBEA0098F018 /* Assets.xcassets in Resources */,
				C73DF7A62938BBE90098F018 /* Main.storyboard in Resources */,
			);
			runOnlyForDeploymentPostprocessing = 0;
		};
		C73DF7B22938BBEA0098F018 /* Resources */ = {
			isa = PBXResourcesBuildPhase;
			buildActionMask = 2147483647;
			files = (
			);
			runOnlyForDeploymentPostprocessing = 0;
		};
		C73DF7BC2938BBEB0098F018 /* Resources */ = {
			isa = PBXResourcesBuildPhase;
			buildActionMask = 2147483647;
			files = (
			);
			runOnlyForDeploymentPostprocessing = 0;
		};
/* End PBXResourcesBuildPhase section */

/* Begin PBXSourcesBuildPhase section */
		C73DF7972938BBE90098F018 /* Sources */ = {
			isa = PBXSourcesBuildPhase;
			buildActionMask = 2147483647;
			files = (
				C73DF7A32938BBE90098F018 /* ViewController.swift in Sources */,
				C73DF79F2938BBE90098F018 /* AppDelegate.swift in Sources */,
				C73DF7A12938BBE90098F018 /* SceneDelegate.swift in Sources */,
				C73DF7A92938BBE90098F018 /* swiftpro.xcdatamodeld in Sources */,
			);
			runOnlyForDeploymentPostprocessing = 0;
		};
		C73DF7B02938BBEA0098F018 /* Sources */ = {
			isa = PBXSourcesBuildPhase;
			buildActionMask = 2147483647;
			files = (
				C73DF7B92938BBEB0098F018 /* swiftproTests.swift in Sources */,
			);
			runOnlyForDeploymentPostprocessing = 0;
		};
		C73DF7BA2938BBEB0098F018 /* Sources */ = {
			isa = PBXSourcesBuildPhase;
			buildActionMask = 2147483647;
			files = (
				C73DF7C52938BBEB0098F018 /* swiftproUITestsLaunchTests.swift in Sources */,
				C73DF7C32938BBEB0098F018 /* swiftproUITests.swift in Sources */,
			);
			runOnlyForDeploymentPostprocessing = 0;
		};
/* End PBXSourcesBuildPhase section */

/* Begin PBXTargetDependency section */
		C73DF7B62938BBEA0098F018 /* PBXTargetDependency */ = {
			isa = PBXTargetDependency;
			target = C73DF79A2938BBE90098F018 /* swiftpro */;
			targetProxy = C73DF7B52938BBEA0098F018 /* PBXContainerItemProxy */;
		};
		C73DF7C02938BBEB0098F018 /* PBXTargetDependency */ = {
			isa = PBXTargetDependency;
			target = C73DF79A2938BBE90098F018 /* swiftpro */;
			targetProxy = C73DF7BF2938BBEB0098F018 /* PBXContainerItemProxy */;
		};
/* End PBXTargetDependency section */

/* Begin PBXVariantGroup section */
		C73DF7A42938BBE90098F018 /* Main.storyboard */ = {
			isa = PBXVariantGroup;
			children = (
				C73DF7A52938BBE90098F018 /* Base */,
			);
			name = Main.storyboard;
			sourceTree = "<group>";
		};
		C73DF7AC2938BBEA0098F018 /* LaunchScreen.storyboard */ = {
			isa = PBXVariantGroup;
			children = (
				C73DF7AD2938BBEA0098F018 /* Base */,
			);
			name = LaunchScreen.storyboard;
			sourceTree = "<group>";
		};
/* End PBXVariantGroup section */

/* Begin XCBuildConfiguration section */
		C73DF7C62938BBEB0098F018 /* Debug */ = {
			isa = XCBuildConfiguration;
			buildSettings = {
				ALWAYS_SEARCH_USER_PATHS = NO;
				CLANG_ANALYZER_NONNULL = YES;
				CLANG_ANALYZER_NUMBER_OBJECT_CONVERSION = YES_AGGRESSIVE;
				CLANG_CXX_LANGUAGE_STANDARD = "gnu++20";
				CLANG_ENABLE_MODULES = YES;
				CLANG_ENABLE_OBJC_ARC = YES;
				CLANG_ENABLE_OBJC_WEAK = YES;
				CLANG_WARN_BLOCK_CAPTURE_AUTORELEASING = YES;
				CLANG_WARN_BOOL_CONVERSION = YES;
				CLANG_WARN_COMMA = YES;
				CLANG_WARN_CONSTANT_CONVERSION = YES;
				CLANG_WARN_DEPRECATED_OBJC_IMPLEMENTATIONS = YES;
				CLANG_WARN_DIRECT_OBJC_ISA_USAGE = YES_ERROR;
				CLANG_WARN_DOCUMENTATION_COMMENTS = YES;
				CLANG_WARN_EMPTY_BODY = YES;
				CLANG_WARN_ENUM_CONVERSION = YES;
				CLANG_WARN_INFINITE_RECURSION = YES;
				CLANG_WARN_INT_CONVERSION = YES;
				CLANG_WARN_NON_LITERAL_NULL_CONVERSION = YES;
				CLANG_WARN_OBJC_IMPLICIT_RETAIN_SELF = YES;
				CLANG_WARN_OBJC_LITERAL_CONVERSION = YES;
				CLANG_WARN_OBJC_ROOT_CLASS = YES_ERROR;
				CLANG_WARN_QUOTED_INCLUDE_IN_FRAMEWORK_HEADER = YES;
				CLANG_WARN_RANGE_LOOP_ANALYSIS = YES;
				CLANG_WARN_STRICT_PROTOTYPES = YES;
				CLANG_WARN_SUSPICIOUS_MOVE = YES;
				CLANG_WARN_UNGUARDED_AVAILABILITY = YES_AGGRESSIVE;
				CLANG_WARN_UNREACHABLE_CODE = YES;
				CLANG_WARN__DUPLICATE_METHOD_MATCH = YES;
				COPY_PHASE_STRIP = NO;
				DEBUG_INFORMATION_FORMAT = dwarf;
				ENABLE_STRICT_OBJC_MSGSEND = YES;
				ENABLE_TESTABILITY = YES;
				GCC_C_LANGUAGE_STANDARD = gnu11;
				GCC_DYNAMIC_NO_PIC = NO;
				GCC_NO_COMMON_BLOCKS = YES;
				GCC_OPTIMIZATION_LEVEL = 0;
				GCC_PREPROCESSOR_DEFINITIONS = (
					"DEBUG=1",
					"$(inherited)",
				);
				GCC_WARN_64_TO_32_BIT_CONVERSION = YES;
				GCC_WARN_ABOUT_RETURN_TYPE = YES_ERROR;
				GCC_WARN_UNDECLARED_SELECTOR = YES;
				GCC_WARN_UNINITIALIZED_AUTOS = YES_AGGRESSIVE;
				GCC_WARN_UNUSED_FUNCTION = YES;
				GCC_WARN_UNUSED_VARIABLE = YES;
				IPHONEOS_DEPLOYMENT_TARGET = 16.0;
				MTL_ENABLE_DEBUG_INFO = INCLUDE_SOURCE;
				MTL_FAST_MATH = YES;
				ONLY_ACTIVE_ARCH = YES;
				SDKROOT = iphoneos;
				SWIFT_ACTIVE_COMPILATION_CONDITIONS = DEBUG;
				SWIFT_OPTIMIZATION_LEVEL = "-Onone";
			};
			name = Debug;
		};
		C73DF7C72938BBEB0098F018 /* Release */ = {
			isa = XCBuildConfiguration;
			buildSettings = {
				ALWAYS_SEARCH_USER_PATHS = NO;
				CLANG_ANALYZER_NONNULL = YES;
				CLANG_ANALYZER_NUMBER_OBJECT_CONVERSION = YES_AGGRESSIVE;
				CLANG_CXX_LANGUAGE_STANDARD = "gnu++20";
				CLANG_ENABLE_MODULES = YES;
				CLANG_ENABLE_OBJC_ARC = YES;
				CLANG_ENABLE_OBJC_WEAK = YES;
				CLANG_WARN_BLOCK_CAPTURE_AUTORELEASING = YES;
				CLANG_WARN_BOOL_CONVERSION = YES;
				CLANG_WARN_COMMA = YES;
				CLANG_WARN_CONSTANT_CONVERSION = YES;
				CLANG_WARN_DEPRECATED_OBJC_IMPLEMENTATIONS = YES;
				CLANG_WARN_DIRECT_OBJC_ISA_USAGE = YES_ERROR;
				CLANG_WARN_DOCUMENTATION_COMMENTS = YES;
				CLANG_WARN_EMPTY_BODY = YES;
				CLANG_WARN_ENUM_CONVERSION = YES;
				CLANG_WARN_INFINITE_RECURSION = YES;
				CLANG_WARN_INT_CONVERSION = YES;
				CLANG_WARN_NON_LITERAL_NULL_CONVERSION = YES;
				CLANG_WARN_OBJC_IMPLICIT_RETAIN_SELF = YES;
				CLANG_WARN_OBJC_LITERAL_CONVERSION = YES;
				CLANG_WARN_OBJC_ROOT_CLASS = YES_ERROR;
				CLANG_WARN_QUOTED_INCLUDE_IN_FRAMEWORK_HEADER = YES;
				CLANG_WARN_RANGE_LOOP_ANALYSIS = YES;
				CLANG_WARN_STRICT_PROTOTYPES = YES;
				CLANG_WARN_SUSPICIOUS_MOVE = YES;
				CLANG_WARN_UNGUARDED_AVAILABILITY = YES_AGGRESSIVE;
				CLANG_WARN_UNREACHABLE_CODE = YES;
				CLANG_WARN__DUPLICATE_METHOD_MATCH = YES;
				COPY_PHASE_STRIP = NO;
				DEBUG_INFORMATION_FORMAT = "dwarf-with-dsym";
				ENABLE_NS_ASSERTIONS = NO;
				ENABLE_STRICT_OBJC_MSGSEND = YES;
				GCC_C_LANGUAGE_STANDARD = gnu11;
				GCC_NO_COMMON_BLOCKS = YES;
				GCC_WARN_64_TO_32_BIT_CONVERSION = YES;
				GCC_WARN_ABOUT_RETURN_TYPE = YES_ERROR;
				GCC_WARN_UNDECLARED_SELECTOR = YES;
				GCC_WARN_UNINITIALIZED_AUTOS = YES_AGGRESSIVE;
				GCC_WARN_UNUSED_FUNCTION = YES;
				GCC_WARN_UNUSED_VARIABLE = YES;
				IPHONEOS_DEPLOYMENT_TARGET = 16.0;
				MTL_ENABLE_DEBUG_INFO = NO;
				MTL_FAST_MATH = YES;
				SDKROOT = iphoneos;
				SWIFT_COMPILATION_MODE = wholemodule;
				SWIFT_OPTIMIZATION_LEVEL = "-O";
				VALIDATE_PRODUCT = YES;
			};
			name = Release;
		};
		C73DF7C92938BBEB0098F018 /* Debug */ = {
			isa = XCBuildConfiguration;
			buildSettings = {
				ASSETCATALOG_COMPILER_APPICON_NAME = AppIcon;
				ASSETCATALOG_COMPILER_GLOBAL_ACCENT_COLOR_NAME = AccentColor;
				CODE_SIGN_STYLE = Automatic;
				CURRENT_PROJECT_VERSION = 1;
				DEVELOPMENT_TEAM = RQ9BPQCP49;
				GENERATE_INFOPLIST_FILE = YES;
				INFOPLIST_FILE = swiftpro/Info.plist;
				INFOPLIST_KEY_UIApplicationSupportsIndirectInputEvents = YES;
				INFOPLIST_KEY_UILaunchStoryboardName = LaunchScreen;
				INFOPLIST_KEY_UIMainStoryboardFile = Main;
				INFOPLIST_KEY_UISupportedInterfaceOrientations_iPad = "UIInterfaceOrientationPortrait UIInterfaceOrientationPortraitUpsideDown UIInterfaceOrientationLandscapeLeft UIInterfaceOrientationLandscapeRight";
				INFOPLIST_KEY_UISupportedInterfaceOrientations_iPhone = "UIInterfaceOrientationPortrait UIInterfaceOrientationLandscapeLeft UIInterfaceOrientationLandscapeRight";
				LD_RUNPATH_SEARCH_PATHS = (
					"$(inherited)",
					"@executable_path/Frameworks",
				);
				MARKETING_VERSION = 1.0;
				PRODUCT_BUNDLE_IDENTIFIER = com.meditab.swiftpro.swiftpro;
				PRODUCT_NAME = "$(TARGET_NAME)";
				SWIFT_EMIT_LOC_STRINGS = YES;
				SWIFT_VERSION = 5.0;
				TARGETED_DEVICE_FAMILY = "1,2";
			};
			name = Debug;
		};
		C73DF7CA2938BBEB0098F018 /* Release */ = {
			isa = XCBuildConfiguration;
			buildSettings = {
				ASSETCATALOG_COMPILER_APPICON_NAME = AppIcon;
				ASSETCATALOG_COMPILER_GLOBAL_ACCENT_COLOR_NAME = AccentColor;
				CODE_SIGN_STYLE = Automatic;
				CURRENT_PROJECT_VERSION = 1;
				DEVELOPMENT_TEAM = RQ9BPQCP49;
				GENERATE_INFOPLIST_FILE = YES;
				INFOPLIST_FILE = swiftpro/Info.plist;
				INFOPLIST_KEY_UIApplicationSupportsIndirectInputEvents = YES;
				INFOPLIST_KEY_UILaunchStoryboardName = LaunchScreen;
				INFOPLIST_KEY_UIMainStoryboardFile = Main;
				INFOPLIST_KEY_UISupportedInterfaceOrientations_iPad = "UIInterfaceOrientationPortrait UIInterfaceOrientationPortraitUpsideDown UIInterfaceOrientationLandscapeLeft UIInterfaceOrientationLandscapeRight";
				INFOPLIST_KEY_UISupportedInterfaceOrientations_iPhone = "UIInterfaceOrientationPortrait UIInterfaceOrientationLandscapeLeft UIInterfaceOrientationLandscapeRight";
				LD_RUNPATH_SEARCH_PATHS = (
					"$(inherited)",
					"@executable_path/Frameworks",
				);
				MARKETING_VERSION = 1.0;
				PRODUCT_BUNDLE_IDENTIFIER = com.meditab.swiftpro.swiftpro;
				PRODUCT_NAME = "$(TARGET_NAME)";
				SWIFT_EMIT_LOC_STRINGS = YES;
				SWIFT_VERSION = 5.0;
				TARGETED_DEVICE_FAMILY = "1,2";
			};
			name = Release;
		};
		C73DF7CC2938BBEB0098F018 /* Debug */ = {
			isa = XCBuildConfiguration;
			buildSettings = {
				ALWAYS_EMBED_SWIFT_STANDARD_LIBRARIES = YES;
				BUNDLE_LOADER = "$(TEST_HOST)";
				CODE_SIGN_STYLE = Automatic;
				CURRENT_PROJECT_VERSION = 1;
				DEVELOPMENT_TEAM = RQ9BPQCP49;
				GENERATE_INFOPLIST_FILE = YES;
				IPHONEOS_DEPLOYMENT_TARGET = 16.0;
				MARKETING_VERSION = 1.0;
				PRODUCT_BUNDLE_IDENTIFIER = com.meditab.swiftpro.swiftproTests;
				PRODUCT_NAME = "$(TARGET_NAME)";
				SWIFT_EMIT_LOC_STRINGS = NO;
				SWIFT_VERSION = 5.0;
				TARGETED_DEVICE_FAMILY = "1,2";
				TEST_HOST = "$(BUILT_PRODUCTS_DIR)/swiftpro.app/$(BUNDLE_EXECUTABLE_FOLDER_PATH)/swiftpro";
			};
			name = Debug;
		};
		C73DF7CD2938BBEB0098F018 /* Release */ = {
			isa = XCBuildConfiguration;
			buildSettings = {
				ALWAYS_EMBED_SWIFT_STANDARD_LIBRARIES = YES;
				BUNDLE_LOADER = "$(TEST_HOST)";
				CODE_SIGN_STYLE = Automatic;
				CURRENT_PROJECT_VERSION = 1;
				DEVELOPMENT_TEAM = RQ9BPQCP49;
				GENERATE_INFOPLIST_FILE = YES;
				IPHONEOS_DEPLOYMENT_TARGET = 16.0;
				MARKETING_VERSION = 1.0;
				PRODUCT_BUNDLE_IDENTIFIER = com.meditab.swiftpro.swiftproTests;
				PRODUCT_NAME = "$(TARGET_NAME)";
				SWIFT_EMIT_LOC_STRINGS = NO;
				SWIFT_VERSION = 5.0;
				TARGETED_DEVICE_FAMILY = "1,2";
				TEST_HOST = "$(BUILT_PRODUCTS_DIR)/swiftpro.app/$(BUNDLE_EXECUTABLE_FOLDER_PATH)/swiftpro";
			};
			name = Release;
		};
		C73DF7CF2938BBEB0098F018 /* Debug */ = {
			isa = XCBuildConfiguration;
			buildSettings = {
				ALWAYS_EMBED_SWIFT_STANDARD_LIBRARIES = YES;
				CODE_SIGN_STYLE = Automatic;
				CURRENT_PROJECT_VERSION = 1;
				DEVELOPMENT_TEAM = RQ9BPQCP49;
				GENERATE_INFOPLIST_FILE = YES;
				MARKETING_VERSION = 1.0;
				PRODUCT_BUNDLE_IDENTIFIER = com.meditab.swiftpro.swiftproUITests;
				PRODUCT_NAME = "$(TARGET_NAME)";
				SWIFT_EMIT_LOC_STRINGS = NO;
				SWIFT_VERSION = 5.0;
				TARGETED_DEVICE_FAMILY = "1,2";
				TEST_TARGET_NAME = swiftpro;
			};
			name = Debug;
		};
		C73DF7D02938BBEB0098F018 /* Release */ = {
			isa = XCBuildConfiguration;
			buildSettings = {
				ALWAYS_EMBED_SWIFT_STANDARD_LIBRARIES = YES;
				CODE_SIGN_STYLE = Automatic;
				CURRENT_PROJECT_VERSION = 1;
				DEVELOPMENT_TEAM = RQ9BPQCP49;
				GENERATE_INFOPLIST_FILE = YES;
				MARKETING_VERSION = 1.0;
				PRODUCT_BUNDLE_IDENTIFIER = com.meditab.swiftpro.swiftproUITests;
				PRODUCT_NAME = "$(TARGET_NAME)";
				SWIFT_EMIT_LOC_STRINGS = NO;
				SWIFT_VERSION = 5.0;
				TARGETED_DEVICE_FAMILY = "1,2";
				TEST_TARGET_NAME = swiftpro;
			};
			name = Release;
		};
/* End XCBuildConfiguration section */

/* Begin XCConfigurationList section */
		C73DF7962938BBE90098F018 /* Build configuration list for PBXProject "swiftpro" */ = {
			isa = XCConfigurationList;
			buildConfigurations = (
				C73DF7C62938BBEB0098F018 /* Debug */,
				C73DF7C72938BBEB0098F018 /* Release */,
			);
			defaultConfigurationIsVisible = 0;
			defaultConfigurationName = Release;
		};
		C73DF7C82938BBEB0098F018 /* Build configuration list for PBXNativeTarget "swiftpro" */ = {
			isa = XCConfigurationList;
			buildConfigurations = (
				C73DF7C92938BBEB0098F018 /* Debug */,
				C73DF7CA2938BBEB0098F018 /* Release */,
			);
			defaultConfigurationIsVisible = 0;
			defaultConfigurationName = Release;
		};
		C73DF7CB2938BBEB0098F018 /* Build configuration list for PBXNativeTarget "swiftproTests" */ = {
			isa = XCConfigurationList;
			buildConfigurations = (
				C73DF7CC2938BBEB0098F018 /* Debug */,
				C73DF7CD2938BBEB0098F018 /* Release */,
			);
			defaultConfigurationIsVisible = 0;
			defaultConfigurationName = Release;
		};
		C73DF7CE2938BBEB0098F018 /* Build configuration list for PBXNativeTarget "swiftproUITests" */ = {
			isa = XCConfigurationList;
			buildConfigurations = (
				C73DF7CF2938BBEB0098F018 /* Debug */,
				C73DF7D02938BBEB0098F018 /* Release */,
			);
			defaultConfigurationIsVisible = 0;
			defaultConfigurationName = Release;
		};
/* End XCConfigurationList section */

/* Begin XCVersionGroup section */
		C73DF7A72938BBE90098F018 /* swiftpro.xcdatamodeld */ = {
			isa = XCVersionGroup;
			children = (
				C73DF7A82938BBE90098F018 /* swiftpro.xcdatamodel */,
			);
			currentVersion = C73DF7A82938BBE90098F018 /* swiftpro.xcdatamodel */;
			path = swiftpro.xcdatamodeld;
			sourceTree = "<group>";
			versionGroupType = wrapper.xcdatamodel;
		};
/* End XCVersionGroup section */
	};
	rootObject = C73DF7932938BBE90098F018 /* Project object */;
}
